
Microsoft Visual Studio Solution File, Format Version 12.00
# Visual Studio 15
VisualStudioVersion = 15.0.28307.489
MinimumVisualStudioVersion = 10.0.40219.1
Project("{FAE04EC0-301F-11D3-BF4B-00C04F79EFBC}") = "Wordcount", "Wordcount\Wordcount.csproj", "{435FA45E-4927-4227-B9C3-2EEEE5371100}"
EndProject
Project("{FAE04EC0-301F-11D3-BF4B-00C04F79EFBC}") = "WordcountGetLineTests", "WordcountGetLineTests\WordcountGetLineTests.csproj", "{324384BA-F32E-475F-ACEF-9C40AE946C27}"
EndProject
Global
	GlobalSection(SolutionConfigurationPlatforms) = preSolution
		Debug|Any CPU = Debug|Any CPU
		Release|Any CPU = Release|Any CPU
	EndGlobalSection
	GlobalSection(ProjectConfigurationPlatforms) = postSolution
		{435FA45E-4927-4227-B9C3-2EEEE5371100}.Debug|Any CPU.ActiveCfg = Debug|Any CPU
		{435FA45E-4927-4227-B9C3-2EEEE5371100}.Debug|Any CPU.Build.0 = Debug|Any CPU
		{435FA45E-4927-4227-B9C3-2EEEE5371100}.Release|Any CPU.ActiveCfg = Release|Any CPU
		{435FA45E-4927-4227-B9C3-2EEEE5371100}.Release|Any CPU.Build.0 = Release|Any CPU
		{324384BA-F32E-475F-ACEF-9C40AE946C27}.Debug|Any CPU.ActiveCfg = Debug|Any CPU
		{324384BA-F32E-475F-ACEF-9C40AE946C27}.Debug|Any CPU.Build.0 = Debug|Any CPU
		{324384BA-F32E-475F-ACEF-9C40AE946C27}.Release|Any CPU.ActiveCfg = Release|Any CPU
		{324384BA-F32E-475F-ACEF-9C40AE946C27}.Release|Any CPU.Build.0 = Release|Any CPU
	EndGlobalSection
	GlobalSection(SolutionProperties) = preSolution
		HideSolutionNode = FALSE
	EndGlobalSection
	GlobalSection(ExtensibilityGlobals) = postSolution
		SolutionGuid = {72302AAA-D70A-4545-88F9-6B1F5FA3117C}
	EndGlobalSection
EndGlobal
